// !$*UTF8*$!
{
	archiveVersion = 1;
	classes = {
	};
	objectVersion = 46;
	objects = {

/* Begin PBXBuildFile section */
		959099401EF9950F001D0A17 /* AppDelegate.swift in Sources */ = {isa = PBXBuildFile; fileRef = 9590993F1EF9950F001D0A17 /* AppDelegate.swift */; };
		959099451EF9950F001D0A17 /* Main.storyboard in Resources */ = {isa = PBXBuildFile; fileRef = 959099431EF9950F001D0A17 /* Main.storyboard */; };
		959099471EF9950F001D0A17 /* Assets.xcassets in Resources */ = {isa = PBXBuildFile; fileRef = 959099461EF9950F001D0A17 /* Assets.xcassets */; };
		9590994A1EF9950F001D0A17 /* LaunchScreen.storyboard in Resources */ = {isa = PBXBuildFile; fileRef = 959099481EF9950F001D0A17 /* LaunchScreen.storyboard */; };
		959099561EF99876001D0A17 /* CustomCell.swift in Sources */ = {isa = PBXBuildFile; fileRef = 959099541EF99876001D0A17 /* CustomCell.swift */; };
		959099571EF99876001D0A17 /* CustomCell.xib in Resources */ = {isa = PBXBuildFile; fileRef = 959099551EF99876001D0A17 /* CustomCell.xib */; };
		959099591EF9A0CC001D0A17 /* TableViewController.swift in Sources */ = {isa = PBXBuildFile; fileRef = 959099581EF9A0CC001D0A17 /* TableViewController.swift */; };
		9590995D1EF9A932001D0A17 /* leather1.jpg in Resources */ = {isa = PBXBuildFile; fileRef = 9590995C1EF9A932001D0A17 /* leather1.jpg */; };
		959099621EF9AFA4001D0A17 /* Hard Code.swift in Sources */ = {isa = PBXBuildFile; fileRef = 959099611EF9AFA4001D0A17 /* Hard Code.swift */; };
		959099641EF9B045001D0A17 /* Recipe.swift in Sources */ = {isa = PBXBuildFile; fileRef = 959099631EF9B045001D0A17 /* Recipe.swift */; };
		959099681EFA4078001D0A17 /* Puppy.png in Resources */ = {isa = PBXBuildFile; fileRef = 959099671EFA4078001D0A17 /* Puppy.png */; };
		9590996A1EFAA05A001D0A17 /* Custom Functions.swift in Sources */ = {isa = PBXBuildFile; fileRef = 959099691EFAA05A001D0A17 /* Custom Functions.swift */; };
/* End PBXBuildFile section */

/* Begin PBXFileReference section */
		9590993C1EF9950F001D0A17 /* Recipe.app */ = {isa = PBXFileReference; explicitFileType = wrapper.application; includeInIndex = 0; path = Recipe.app; sourceTree = BUILT_PRODUCTS_DIR; };
		9590993F1EF9950F001D0A17 /* AppDelegate.swift */ = {isa = PBXFileReference; lastKnownFileType = sourcecode.swift; path = AppDelegate.swift; sourceTree = "<group>"; };
		959099441EF9950F001D0A17 /* Base */ = {isa = PBXFileReference; lastKnownFileType = file.storyboard; name = Base; path = Base.lproj/Main.storyboard; sourceTree = "<group>"; };
		959099461EF9950F001D0A17 /* Assets.xcassets */ = {isa = PBXFileReference; lastKnownFileType = folder.assetcatalog; path = Assets.xcassets; sourceTree = "<group>"; };
		959099491EF9950F001D0A17 /* Base */ = {isa = PBXFileReference; lastKnownFileType = file.storyboard; name = Base; path = Base.lproj/LaunchScreen.storyboard; sourceTree = "<group>"; };
		9590994B1EF9950F001D0A17 /* Info.plist */ = {isa = PBXFileReference; lastKnownFileType = text.plist.xml; path = Info.plist; sourceTree = "<group>"; };
		959099541EF99876001D0A17 /* CustomCell.swift */ = {isa = PBXFileReference; fileEncoding = 4; lastKnownFileType = sourcecode.swift; path = CustomCell.swift; sourceTree = "<group>"; };
		959099551EF99876001D0A17 /* CustomCell.xib */ = {isa = PBXFileReference; fileEncoding = 4; lastKnownFileType = file.xib; path = CustomCell.xib; sourceTree = "<group>"; };
		959099581EF9A0CC001D0A17 /* TableViewController.swift */ = {isa = PBXFileReference; fileEncoding = 4; lastKnownFileType = sourcecode.swift; name = TableViewController.swift; path = ../TableViewController.swift; sourceTree = "<group>"; };
		9590995C1EF9A932001D0A17 /* leather1.jpg */ = {isa = PBXFileReference; lastKnownFileType = image.jpeg; path = leather1.jpg; sourceTree = "<group>"; };
		959099611EF9AFA4001D0A17 /* Hard Code.swift */ = {isa = PBXFileReference; fileEncoding = 4; lastKnownFileType = sourcecode.swift; path = "Hard Code.swift"; sourceTree = "<group>"; };
		959099631EF9B045001D0A17 /* Recipe.swift */ = {isa = PBXFileReference; fileEncoding = 4; lastKnownFileType = sourcecode.swift; path = Recipe.swift; sourceTree = "<group>"; };
		959099671EFA4078001D0A17 /* Puppy.png */ = {isa = PBXFileReference; lastKnownFileType = image.png; path = Puppy.png; sourceTree = "<group>"; };
		959099691EFAA05A001D0A17 /* Custom Functions.swift */ = {isa = PBXFileReference; fileEncoding = 4; lastKnownFileType = sourcecode.swift; path = "Custom Functions.swift"; sourceTree = "<group>"; };
/* End PBXFileReference section */

/* Begin PBXFrameworksBuildPhase section */
		959099391EF9950F001D0A17 /* Frameworks */ = {
			isa = PBXFrameworksBuildPhase;
			buildActionMask = 2147483647;
			files = (
			);
			runOnlyForDeploymentPostprocessing = 0;
		};
/* End PBXFrameworksBuildPhase section */

/* Begin PBXGroup section */
		959099331EF9950F001D0A17 = {
			isa = PBXGroup;
			children = (
				9590993E1EF9950F001D0A17 /* Recipe */,
				9590993D1EF9950F001D0A17 /* Products */,
			);
			sourceTree = "<group>";
		};
		9590993D1EF9950F001D0A17 /* Products */ = {
			isa = PBXGroup;
			children = (
				9590993C1EF9950F001D0A17 /* Recipe.app */,
			);
			name = Products;
			sourceTree = "<group>";
		};
		9590993E1EF9950F001D0A17 /* Recipe */ = {
			isa = PBXGroup;
			children = (
				959099531EF99837001D0A17 /* UI */,
				9590993F1EF9950F001D0A17 /* AppDelegate.swift */,
				959099581EF9A0CC001D0A17 /* TableViewController.swift */,
				959099431EF9950F001D0A17 /* Main.storyboard */,
				959099461EF9950F001D0A17 /* Assets.xcassets */,
				959099671EFA4078001D0A17 /* Puppy.png */,
				959099601EF9AF89001D0A17 /* Models */,
				9590995C1EF9A932001D0A17 /* leather1.jpg */,
				959099481EF9950F001D0A17 /* LaunchScreen.storyboard */,
				9590994B1EF9950F001D0A17 /* Info.plist */,
			);
			path = Recipe;
			sourceTree = "<group>";
		};
		959099531EF99837001D0A17 /* UI */ = {
			isa = PBXGroup;
			children = (
				959099541EF99876001D0A17 /* CustomCell.swift */,
				959099551EF99876001D0A17 /* CustomCell.xib */,
			);
			name = UI;
			sourceTree = "<group>";
		};
		959099601EF9AF89001D0A17 /* Models */ = {
			isa = PBXGroup;
			children = (
				959099611EF9AFA4001D0A17 /* Hard Code.swift */,
				959099631EF9B045001D0A17 /* Recipe.swift */,
				959099691EFAA05A001D0A17 /* Custom Functions.swift */,
			);
			name = Models;
			sourceTree = "<group>";
		};
/* End PBXGroup section */

/* Begin PBXNativeTarget section */
		9590993B1EF9950F001D0A17 /* Recipe */ = {
			isa = PBXNativeTarget;
			buildConfigurationList = 9590994E1EF9950F001D0A17 /* Build configuration list for PBXNativeTarget "Recipe" */;
			buildPhases = (
				959099381EF9950F001D0A17 /* Sources */,
				959099391EF9950F001D0A17 /* Frameworks */,
				9590993A1EF9950F001D0A17 /* Resources */,
			);
			buildRules = (
			);
			dependencies = (
			);
			name = Recipe;
			productName = Recipe;
			productReference = 9590993C1EF9950F001D0A17 /* Recipe.app */;
			productType = "com.apple.product-type.application";
		};
/* End PBXNativeTarget section */

/* Begin PBXProject section */
		959099341EF9950F001D0A17 /* Project object */ = {
			isa = PBXProject;
			attributes = {
				LastSwiftUpdateCheck = 0830;
				LastUpgradeCheck = 0830;
				ORGANIZATIONNAME = Anna;
				TargetAttributes = {
					9590993B1EF9950F001D0A17 = {
						CreatedOnToolsVersion = 8.3.2;
						DevelopmentTeam = X8E2R8HQQL;
						ProvisioningStyle = Automatic;
					};
				};
			};
			buildConfigurationList = 959099371EF9950F001D0A17 /* Build configuration list for PBXProject "Recipe" */;
			compatibilityVersion = "Xcode 3.2";
			developmentRegion = English;
			hasScannedForEncodings = 0;
			knownRegions = (
				en,
				Base,
			);
			mainGroup = 959099331EF9950F001D0A17;
			productRefGroup = 9590993D1EF9950F001D0A17 /* Products */;
			projectDirPath = "";
			projectRoot = "";
			targets = (
				9590993B1EF9950F001D0A17 /* Recipe */,
			);
		};
/* End PBXProject section */

/* Begin PBXResourcesBuildPhase section */
		9590993A1EF9950F001D0A17 /* Resources */ = {
			isa = PBXResourcesBuildPhase;
			buildActionMask = 2147483647;
			files = (
				9590994A1EF9950F001D0A17 /* LaunchScreen.storyboard in Resources */,
				9590995D1EF9A932001D0A17 /* leather1.jpg in Resources */,
				959099681EFA4078001D0A17 /* Puppy.png in Resources */,
				959099471EF9950F001D0A17 /* Assets.xcassets in Resources */,
				959099571EF99876001D0A17 /* CustomCell.xib in Resources */,
				959099451EF9950F001D0A17 /* Main.storyboard in Resources */,
			);
			runOnlyForDeploymentPostprocessing = 0;
		};
/* End PBXResourcesBuildPhase section */

/* Begin PBXSourcesBuildPhase section */
		959099381EF9950F001D0A17 /* Sources */ = {
			isa = PBXSourcesBuildPhase;
			buildActionMask = 2147483647;
			files = (
				959099561EF99876001D0A17 /* CustomCell.swift in Sources */,
				9590996A1EFAA05A001D0A17 /* Custom Functions.swift in Sources */,
				959099641EF9B045001D0A17 /* Recipe.swift in Sources */,
				959099591EF9A0CC001D0A17 /* TableViewController.swift in Sources */,
				959099401EF9950F001D0A17 /* AppDelegate.swift in Sources */,
				959099621EF9AFA4001D0A17 /* Hard Code.swift in Sources */,
			);
			runOnlyForDeploymentPostprocessing = 0;
		};
/* End PBXSourcesBuildPhase section */

/* Begin PBXVariantGroup section */
		959099431EF9950F001D0A17 /* Main.storyboard */ = {
			isa = PBXVariantGroup;
			children = (
				959099441EF9950F001D0A17 /* Base */,
			);
			name = Main.storyboard;
			sourceTree = "<group>";
		};
		959099481EF9950F001D0A17 /* LaunchScreen.storyboard */ = {
			isa = PBXVariantGroup;
			children = (
				959099491EF9950F001D0A17 /* Base */,
			);
			name = LaunchScreen.storyboard;
			sourceTree = "<group>";
		};
/* End PBXVariantGroup section */

/* Begin XCBuildConfiguration section */
		9590994C1EF9950F001D0A17 /* Debug */ = {
			isa = XCBuildConfiguration;
			buildSettings = {
				ALWAYS_SEARCH_USER_PATHS = NO;
				CLANG_ANALYZER_NONNULL = YES;
				CLANG_ANALYZER_NUMBER_OBJECT_CONVERSION = YES_AGGRESSIVE;
				CLANG_CXX_LANGUAGE_STANDARD = "gnu++0x";
				CLANG_CXX_LIBRARY = "libc++";
				CLANG_ENABLE_MODULES = YES;
				CLANG_ENABLE_OBJC_ARC = YES;
				CLANG_WARN_BOOL_CONVERSION = YES;
				CLANG_WARN_CONSTANT_CONVERSION = YES;
				CLANG_WARN_DIRECT_OBJC_ISA_USAGE = YES_ERROR;
				CLANG_WARN_DOCUMENTATION_COMMENTS = YES;
				CLANG_WARN_EMPTY_BODY = YES;
				CLANG_WARN_ENUM_CONVERSION = YES;
				CLANG_WARN_INFINITE_RECURSION = YES;
				CLANG_WARN_INT_CONVERSION = YES;
				CLANG_WARN_OBJC_ROOT_CLASS = YES_ERROR;
				CLANG_WARN_SUSPICIOUS_MOVE = YES;
				CLANG_WARN_UNREACHABLE_CODE = YES;
				CLANG_WARN__DUPLICATE_METHOD_MATCH = YES;
				"CODE_SIGN_IDENTITY[sdk=iphoneos*]" = "iPhone Developer";
				COPY_PHASE_STRIP = NO;
				DEBUG_INFORMATION_FORMAT = dwarf;
				ENABLE_STRICT_OBJC_MSGSEND = YES;
				ENABLE_TESTABILITY = YES;
				GCC_C_LANGUAGE_STANDARD = gnu99;
				GCC_DYNAMIC_NO_PIC = NO;
				GCC_NO_COMMON_BLOCKS = YES;
				GCC_OPTIMIZATION_LEVEL = 0;
				GCC_PREPROCESSOR_DEFINITIONS = (
					"DEBUG=1",
					"$(inherited)",
				);
				GCC_WARN_64_TO_32_BIT_CONVERSION = YES;
				GCC_WARN_ABOUT_RETURN_TYPE = YES_ERROR;
				GCC_WARN_UNDECLARED_SELECTOR = YES;
				GCC_WARN_UNINITIALIZED_AUTOS = YES_AGGRESSIVE;
				GCC_WARN_UNUSED_FUNCTION = YES;
				GCC_WARN_UNUSED_VARIABLE = YES;
				IPHONEOS_DEPLOYMENT_TARGET = 10.3;
				MTL_ENABLE_DEBUG_INFO = YES;
				ONLY_ACTIVE_ARCH = YES;
				SDKROOT = iphoneos;
				SWIFT_ACTIVE_COMPILATION_CONDITIONS = DEBUG;
				SWIFT_OPTIMIZATION_LEVEL = "-Onone";
				TARGETED_DEVICE_FAMILY = "1,2";
			};
			name = Debug;
		};
		9590994D1EF9950F001D0A17 /* Release */ = {
			isa = XCBuildConfiguration;
			buildSettings = {
				ALWAYS_SEARCH_USER_PATHS = NO;
				CLANG_ANALYZER_NONNULL = YES;
				CLANG_ANALYZER_NUMBER_OBJECT_CONVERSION = YES_AGGRESSIVE;
				CLANG_CXX_LANGUAGE_STANDARD = "gnu++0x";
				CLANG_CXX_LIBRARY = "libc++";
				CLANG_ENABLE_MODULES = YES;
				CLANG_ENABLE_OBJC_ARC = YES;
				CLANG_WARN_BOOL_CONVERSION = YES;
				CLANG_WARN_CONSTANT_CONVERSION = YES;
				CLANG_WARN_DIRECT_OBJC_ISA_USAGE = YES_ERROR;
				CLANG_WARN_DOCUMENTATION_COMMENTS = YES;
				CLANG_WARN_EMPTY_BODY = YES;
				CLANG_WARN_ENUM_CONVERSION = YES;
				CLANG_WARN_INFINITE_RECURSION = YES;
				CLANG_WARN_INT_CONVERSION = YES;
				CLANG_WARN_OBJC_ROOT_CLASS = YES_ERROR;
				CLANG_WARN_SUSPICIOUS_MOVE = YES;
				CLANG_WARN_UNREACHABLE_CODE = YES;
				CLANG_WARN__DUPLICATE_METHOD_MATCH = YES;
				"CODE_SIGN_IDENTITY[sdk=iphoneos*]" = "iPhone Developer";
				COPY_PHASE_STRIP = NO;
				DEBUG_INFORMATION_FORMAT = "dwarf-with-dsym";
				ENABLE_NS_ASSERTIONS = NO;
				ENABLE_STRICT_OBJC_MSGSEND = YES;
				GCC_C_LANGUAGE_STANDARD = gnu99;
				GCC_NO_COMMON_BLOCKS = YES;
				GCC_WARN_64_TO_32_BIT_CONVERSION = YES;
				GCC_WARN_ABOUT_RETURN_TYPE = YES_ERROR;
				GCC_WARN_UNDECLARED_SELECTOR = YES;
				GCC_WARN_UNINITIALIZED_AUTOS = YES_AGGRESSIVE;
				GCC_WARN_UNUSED_FUNCTION = YES;
				GCC_WARN_UNUSED_VARIABLE = YES;
				IPHONEOS_DEPLOYMENT_TARGET = 10.3;
				MTL_ENABLE_DEBUG_INFO = NO;
				SDKROOT = iphoneos;
				SWIFT_OPTIMIZATION_LEVEL = "-Owholemodule";
				TARGETED_DEVICE_FAMILY = "1,2";
				VALIDATE_PRODUCT = YES;
			};
			name = Release;
		};
		9590994F1EF9950F001D0A17 /* Debug */ = {
			isa = XCBuildConfiguration;
			buildSettings = {
				ASSETCATALOG_COMPILER_APPICON_NAME = AppIcon;
				DEVELOPMENT_TEAM = X8E2R8HQQL;
				INFOPLIST_FILE = Recipe/Info.plist;
				LD_RUNPATH_SEARCH_PATHS = "$(inherited) @executable_path/Frameworks";
				PRODUCT_BUNDLE_IDENTIFIER = "A-Lime-Studio.Recipe";
				PRODUCT_NAME = "$(TARGET_NAME)";
				SWIFT_VERSION = 3.0;
			};
			name = Debug;
		};
		959099501EF9950F001D0A17 /* Release */ = {
			isa = XCBuildConfiguration;
			buildSettings = {
				ASSETCATALOG_COMPILER_APPICON_NAME = AppIcon;
				DEVELOPMENT_TEAM = X8E2R8HQQL;
				INFOPLIST_FILE = Recipe/Info.plist;
				LD_RUNPATH_SEARCH_PATHS = "$(inherited) @executable_path/Frameworks";
				PRODUCT_BUNDLE_IDENTIFIER = "A-Lime-Studio.Recipe";
				PRODUCT_NAME = "$(TARGET_NAME)";
				SWIFT_VERSION = 3.0;
			};
			name = Release;
		};
/* End XCBuildConfiguration section */

/* Begin XCConfigurationList section */
		959099371EF9950F001D0A17 /* Build configuration list for PBXProject "Recipe" */ = {
			isa = XCConfigurationList;
			buildConfigurations = (
				9590994C1EF9950F001D0A17 /* Debug */,
				9590994D1EF9950F001D0A17 /* Release */,
			);
			defaultConfigurationIsVisible = 0;
			defaultConfigurationName = Release;
		};
		9590994E1EF9950F001D0A17 /* Build configuration list for PBXNativeTarget "Recipe" */ = {
			isa = XCConfigurationList;
			buildConfigurations = (
				9590994F1EF9950F001D0A17 /* Debug */,
				959099501EF9950F001D0A17 /* Release */,
			);
			defaultConfigurationIsVisible = 0;
			defaultConfigurationName = Release;
		};
/* End XCConfigurationList section */
	};
	rootObject = 959099341EF9950F001D0A17 /* Project object */;
}
